<?xml version="1.0" encoding="utf-8"?>
<Project ToolsVersion="4.0" xmlns="http://schemas.microsoft.com/developer/msbuild/2003">
  <ItemGroup>
    <Filter Include="來源檔案">
      <UniqueIdentifier>{4FC737F1-C7A5-4376-A066-2A32D752A2FF}</UniqueIdentifier>
      <Extensions>cpp;c;cc;cxx;c++;cppm;ixx;def;odl;idl;hpj;bat;asm;asmx</Extensions>
    </Filter>
    <Filter Include="標頭檔">
      <UniqueIdentifier>{93995380-89BD-4b04-88EB-625FBE52EBFB}</UniqueIdentifier>
      <Extensions>h;hh;hpp;hxx;h++;hm;inl;inc;ipp;xsd</Extensions>
    </Filter>
    <Filter Include="資源檔">
      <UniqueIdentifier>{67DA6AB6-F800-4c08-8B7A-83BB121AAD01}</UniqueIdentifier>
      <Extensions>rc;ico;cur;bmp;dlg;rc2;rct;bin;rgs;gif;jpg;jpeg;jpe;resx;tiff;tif;png;wav;mfcribbon-ms</Extensions>
    </Filter>
  </ItemGroup>
  <ItemGroup>
    <ClCompile Include="CppLeetCode.cpp">
      <Filter>來源檔案</Filter>
    </ClCompile>
  </ItemGroup>
  <ItemGroup>
    <ClInclude Include="14. Longest Common Prefix.h">
      <Filter>標頭檔</Filter>
    </ClInclude>
    <ClInclude Include="15. 3Sum.h">
      <Filter>標頭檔</Filter>
    </ClInclude>
    <ClInclude Include="27. Remove Element.h">
      <Filter>標頭檔</Filter>
    </ClInclude>
    <ClInclude Include="46. Permutations.h">
      <Filter>標頭檔</Filter>
    </ClInclude>
    <ClInclude Include="47. Permutations II.h">
      <Filter>標頭檔</Filter>
    </ClInclude>
    <ClInclude Include="1. twoSum.h">
      <Filter>標頭檔</Filter>
    </ClInclude>
    <ClInclude Include="9. Palindrome Number.h">
      <Filter>標頭檔</Filter>
    </ClInclude>
    <ClInclude Include="11. Container With Most Water.h">
      <Filter>標頭檔</Filter>
    </ClInclude>
    <ClInclude Include="17. Letter Combinations of a Phone Number.h">
      <Filter>標頭檔</Filter>
    </ClInclude>
    <ClInclude Include="26. Remove Duplicates from Sorted Array.h">
      <Filter>標頭檔</Filter>
    </ClInclude>
    <ClInclude Include="66. Plus One.h">
      <Filter>標頭檔</Filter>
    </ClInclude>
    <ClInclude Include="54. Spiral Matrix.h">
      <Filter>標頭檔</Filter>
    </ClInclude>
    <ClInclude Include="43. Multiply Strings.h">
      <Filter>標頭檔</Filter>
    </ClInclude>
    <ClInclude Include="50. Pow%28x, n%29.h">
      <Filter>標頭檔</Filter>
    </ClInclude>
    <ClInclude Include="48. Rotate Image.h">
      <Filter>標頭檔</Filter>
    </ClInclude>
    <ClInclude Include="7. Reverse Integer.h">
      <Filter>標頭檔</Filter>
    </ClInclude>
    <ClInclude Include="977. Squares of a Sorted Array.h">
      <Filter>標頭檔</Filter>
    </ClInclude>
    <ClInclude Include="867. Transpose Matrix.h">
      <Filter>標頭檔</Filter>
    </ClInclude>
    <ClInclude Include="23. Merge k Sorted Lists.h">
      <Filter>標頭檔</Filter>
    </ClInclude>
    <ClInclude Include="2. Add Two Numbers.h">
      <Filter>標頭檔</Filter>
    </ClInclude>
    <ClInclude Include="4. Median of Two Sorted Arrays.h">
      <Filter>標頭檔</Filter>
    </ClInclude>
    <ClInclude Include="21. Merge Two Sorted Lists.h">
      <Filter>標頭檔</Filter>
    </ClInclude>
    <ClInclude Include="33. Search in Rotated Sorted Array.h">
      <Filter>標頭檔</Filter>
    </ClInclude>
    <ClInclude Include="34. Find First and Last Position of Element in Sorted Array.h">
      <Filter>標頭檔</Filter>
    </ClInclude>
    <ClInclude Include="24. Swap Nodes in Pairs.h">
      <Filter>標頭檔</Filter>
    </ClInclude>
    <ClInclude Include="59. Spiral Matrix II.h">
      <Filter>標頭檔</Filter>
    </ClInclude>
    <ClInclude Include="35. Search Insert Position.h">
      <Filter>標頭檔</Filter>
    </ClInclude>
    <ClInclude Include="62. Unique Paths.h">
      <Filter>標頭檔</Filter>
    </ClInclude>
    <ClInclude Include="63. Unique Paths II.h">
      <Filter>標頭檔</Filter>
    </ClInclude>
    <ClInclude Include="41. First Missing Positive.h">
      <Filter>標頭檔</Filter>
    </ClInclude>
    <ClInclude Include="42. Trapping Rain Water.h">
      <Filter>標頭檔</Filter>
    </ClInclude>
    <ClInclude Include="51. N-Queens.h">
      <Filter>標頭檔</Filter>
    </ClInclude>
    <ClInclude Include="52. N-Queens II.h">
      <Filter>標頭檔</Filter>
    </ClInclude>
    <ClInclude Include="53. Maximum Subarray.h">
      <Filter>標頭檔</Filter>
    </ClInclude>
    <ClInclude Include="20. Valid Parentheses.h">
      <Filter>標頭檔</Filter>
    </ClInclude>
    <ClInclude Include="61. Rotate List.h">
      <Filter>標頭檔</Filter>
    </ClInclude>
    <ClInclude Include="82. Remove Duplicates from Sorted List II.h">
      <Filter>標頭檔</Filter>
    </ClInclude>
    <ClInclude Include="136. Single Number.h">
      <Filter>標頭檔</Filter>
    </ClInclude>
    <ClInclude Include="137. Single Number II.h">
      <Filter>標頭檔</Filter>
    </ClInclude>
    <ClInclude Include="Header5.h">
      <Filter>標頭檔</Filter>
    </ClInclude>
    <ClInclude Include="Header6.h">
      <Filter>標頭檔</Filter>
    </ClInclude>
    <ClInclude Include="Header7.h">
      <Filter>標頭檔</Filter>
    </ClInclude>
    <ClInclude Include="Header8.h">
      <Filter>標頭檔</Filter>
    </ClInclude>
    <ClInclude Include="Header9.h">
      <Filter>標頭檔</Filter>
    </ClInclude>
    <ClInclude Include="83. Remove Duplicates from Sorted List.h">
      <Filter>標頭檔</Filter>
    </ClInclude>
    <ClInclude Include="64. Minimum Path Sum.h">
      <Filter>標頭檔</Filter>
    </ClInclude>
    <ClInclude Include="160. Intersection of Two Linked Lists.h">
      <Filter>標頭檔</Filter>
    </ClInclude>
  </ItemGroup>
</Project>